
Microsoft Visual Studio Solution File, Format Version 12.00
# Visual Studio Version 16
VisualStudioVersion = 16.0.31911.196
MinimumVisualStudioVersion = 10.0.40219.1
Project("{9A19103F-16F7-4668-BE54-9A1E7A4F7556}") = "Heranca", "Heranca\Heranca.csproj", "{6AFBCD65-FAFF-4D33-B3F0-FF886BD8C093}"
EndProject
Project("{9A19103F-16F7-4668-BE54-9A1E7A4F7556}") = "UpcastingEDownscasting", "UpcastingEDownscasting\UpcastingEDownscasting.csproj", "{FEFDAB93-5178-4952-A9E6-151F16A9383C}"
EndProject
Project("{9A19103F-16F7-4668-BE54-9A1E7A4F7556}") = "SobreposiçãoPalavrasVirtualOverrideeBase", "SobreposiçãoPalavrasVirtualOverrideeBase\SobreposiçãoPalavrasVirtualOverrideeBase.csproj", "{3F8B6CF3-6C59-4EE6-9D0D-F126B8BFCFD7}"
EndProject
Project("{9A19103F-16F7-4668-BE54-9A1E7A4F7556}") = "ClasseseMetodosSelados", "ClasseseMetodosSelados\ClasseseMetodosSelados.csproj", "{31187E33-1A47-414E-9BC1-D42B78C88D58}"
EndProject
Project("{9A19103F-16F7-4668-BE54-9A1E7A4F7556}") = "ExercResolvidoHerancaePolimorfismo", "ExercResolvidoHerancaePolimorfismo\ExercResolvidoHerancaePolimorfismo.csproj", "{92AB180E-8A94-4D65-8E6E-14EB133BA006}"
EndProject
Project("{9A19103F-16F7-4668-BE54-9A1E7A4F7556}") = "ExercicioProposto(HerancaePolimorfismo)", "ExercicioProposto(HerancaePolimorfismo)\ExercicioProposto(HerancaePolimorfismo).csproj", "{311E0763-EE8C-4039-9F4F-AAC507789907}"
EndProject
Project("{FAE04EC0-301F-11D3-BF4B-00C04F79EFBC}") = "ClassesAbstratas", "ClassesAbstratas\ClassesAbstratas.csproj", "{B8B28FB8-23FE-4254-800C-0E71ACA5F320}"
EndProject
Project("{FAE04EC0-301F-11D3-BF4B-00C04F79EFBC}") = "ExercResolvidoMetodosAbstratos", "ExercResolvidoMetodosAbstratos\ExercResolvidoMetodosAbstratos.csproj", "{10024D7F-7A49-4C2C-A4CD-CBDCF13ED627}"
EndProject
Global
	GlobalSection(SolutionConfigurationPlatforms) = preSolution
		Debug|Any CPU = Debug|Any CPU
		Release|Any CPU = Release|Any CPU
	EndGlobalSection
	GlobalSection(ProjectConfigurationPlatforms) = postSolution
		{6AFBCD65-FAFF-4D33-B3F0-FF886BD8C093}.Debug|Any CPU.ActiveCfg = Debug|Any CPU
		{6AFBCD65-FAFF-4D33-B3F0-FF886BD8C093}.Debug|Any CPU.Build.0 = Debug|Any CPU
		{6AFBCD65-FAFF-4D33-B3F0-FF886BD8C093}.Release|Any CPU.ActiveCfg = Release|Any CPU
		{6AFBCD65-FAFF-4D33-B3F0-FF886BD8C093}.Release|Any CPU.Build.0 = Release|Any CPU
		{FEFDAB93-5178-4952-A9E6-151F16A9383C}.Debug|Any CPU.ActiveCfg = Debug|Any CPU
		{FEFDAB93-5178-4952-A9E6-151F16A9383C}.Debug|Any CPU.Build.0 = Debug|Any CPU
		{FEFDAB93-5178-4952-A9E6-151F16A9383C}.Release|Any CPU.ActiveCfg = Release|Any CPU
		{FEFDAB93-5178-4952-A9E6-151F16A9383C}.Release|Any CPU.Build.0 = Release|Any CPU
		{3F8B6CF3-6C59-4EE6-9D0D-F126B8BFCFD7}.Debug|Any CPU.ActiveCfg = Debug|Any CPU
		{3F8B6CF3-6C59-4EE6-9D0D-F126B8BFCFD7}.Debug|Any CPU.Build.0 = Debug|Any CPU
		{3F8B6CF3-6C59-4EE6-9D0D-F126B8BFCFD7}.Release|Any CPU.ActiveCfg = Release|Any CPU
		{3F8B6CF3-6C59-4EE6-9D0D-F126B8BFCFD7}.Release|Any CPU.Build.0 = Release|Any CPU
		{31187E33-1A47-414E-9BC1-D42B78C88D58}.Debug|Any CPU.ActiveCfg = Debug|Any CPU
		{31187E33-1A47-414E-9BC1-D42B78C88D58}.Debug|Any CPU.Build.0 = Debug|Any CPU
		{31187E33-1A47-414E-9BC1-D42B78C88D58}.Release|Any CPU.ActiveCfg = Release|Any CPU
		{31187E33-1A47-414E-9BC1-D42B78C88D58}.Release|Any CPU.Build.0 = Release|Any CPU
		{92AB180E-8A94-4D65-8E6E-14EB133BA006}.Debug|Any CPU.ActiveCfg = Debug|Any CPU
		{92AB180E-8A94-4D65-8E6E-14EB133BA006}.Debug|Any CPU.Build.0 = Debug|Any CPU
		{92AB180E-8A94-4D65-8E6E-14EB133BA006}.Release|Any CPU.ActiveCfg = Release|Any CPU
		{92AB180E-8A94-4D65-8E6E-14EB133BA006}.Release|Any CPU.Build.0 = Release|Any CPU
		{311E0763-EE8C-4039-9F4F-AAC507789907}.Debug|Any CPU.ActiveCfg = Debug|Any CPU
		{311E0763-EE8C-4039-9F4F-AAC507789907}.Debug|Any CPU.Build.0 = Debug|Any CPU
		{311E0763-EE8C-4039-9F4F-AAC507789907}.Release|Any CPU.ActiveCfg = Release|Any CPU
		{311E0763-EE8C-4039-9F4F-AAC507789907}.Release|Any CPU.Build.0 = Release|Any CPU
		{B8B28FB8-23FE-4254-800C-0E71ACA5F320}.Debug|Any CPU.ActiveCfg = Debug|Any CPU
		{B8B28FB8-23FE-4254-800C-0E71ACA5F320}.Debug|Any CPU.Build.0 = Debug|Any CPU
		{B8B28FB8-23FE-4254-800C-0E71ACA5F320}.Release|Any CPU.ActiveCfg = Release|Any CPU
		{B8B28FB8-23FE-4254-800C-0E71ACA5F320}.Release|Any CPU.Build.0 = Release|Any CPU
		{10024D7F-7A49-4C2C-A4CD-CBDCF13ED627}.Debug|Any CPU.ActiveCfg = Debug|Any CPU
		{10024D7F-7A49-4C2C-A4CD-CBDCF13ED627}.Debug|Any CPU.Build.0 = Debug|Any CPU
		{10024D7F-7A49-4C2C-A4CD-CBDCF13ED627}.Release|Any CPU.ActiveCfg = Release|Any CPU
		{10024D7F-7A49-4C2C-A4CD-CBDCF13ED627}.Release|Any CPU.Build.0 = Release|Any CPU
	EndGlobalSection
	GlobalSection(SolutionProperties) = preSolution
		HideSolutionNode = FALSE
	EndGlobalSection
	GlobalSection(ExtensibilityGlobals) = postSolution
		SolutionGuid = {10E8F865-BBF2-4478-A9AE-6CAC15B71DFB}
	EndGlobalSection
EndGlobal
