
Microsoft Visual Studio Solution File, Format Version 12.00
# Visual Studio Version 16
VisualStudioVersion = 16.0.31911.196
MinimumVisualStudioVersion = 10.0.40219.1
Project("{9A19103F-16F7-4668-BE54-9A1E7A4F7556}") = "FileFileInfoeIOException", "FileFileInfoeIOException\FileFileInfoeIOException.csproj", "{30317FB2-40F7-4A25-9755-44E153CD61BE}"
EndProject
Project("{9A19103F-16F7-4668-BE54-9A1E7A4F7556}") = "FileStreamEStreamReader", "FileStreamEStreamReader\FileStreamEStreamReader.csproj", "{4753CD81-94EC-46A4-8D63-B55B115C3D9A}"
EndProject
Project("{9A19103F-16F7-4668-BE54-9A1E7A4F7556}") = "BlocoUsing", "BlocoUsing\BlocoUsing.csproj", "{4CB4BD9D-8533-40A8-9B5F-DCFF5FEAEB68}"
EndProject
Project("{9A19103F-16F7-4668-BE54-9A1E7A4F7556}") = "AulaStreamWriter", "StreamWriter\AulaStreamWriter.csproj", "{F3DF6439-59EB-4FF3-9FBE-10CD5AB9A8D0}"
EndProject
Project("{FAE04EC0-301F-11D3-BF4B-00C04F79EFBC}") = "Aula_Directory_DirectoryInfo", "Aula_Directory_DirectoryInfo\Aula_Directory_DirectoryInfo.csproj", "{12B4B4A4-C8D3-434F-A347-F555EFECDFBA}"
EndProject
Project("{FAE04EC0-301F-11D3-BF4B-00C04F79EFBC}") = "ClassePath", "ClassePath\ClassePath.csproj", "{8B163396-35EA-4A84-8808-5DA2F1EC05FD}"
EndProject
Global
	GlobalSection(SolutionConfigurationPlatforms) = preSolution
		Debug|Any CPU = Debug|Any CPU
		Release|Any CPU = Release|Any CPU
	EndGlobalSection
	GlobalSection(ProjectConfigurationPlatforms) = postSolution
		{30317FB2-40F7-4A25-9755-44E153CD61BE}.Debug|Any CPU.ActiveCfg = Debug|Any CPU
		{30317FB2-40F7-4A25-9755-44E153CD61BE}.Debug|Any CPU.Build.0 = Debug|Any CPU
		{30317FB2-40F7-4A25-9755-44E153CD61BE}.Release|Any CPU.ActiveCfg = Release|Any CPU
		{30317FB2-40F7-4A25-9755-44E153CD61BE}.Release|Any CPU.Build.0 = Release|Any CPU
		{4753CD81-94EC-46A4-8D63-B55B115C3D9A}.Debug|Any CPU.ActiveCfg = Debug|Any CPU
		{4753CD81-94EC-46A4-8D63-B55B115C3D9A}.Debug|Any CPU.Build.0 = Debug|Any CPU
		{4753CD81-94EC-46A4-8D63-B55B115C3D9A}.Release|Any CPU.ActiveCfg = Release|Any CPU
		{4753CD81-94EC-46A4-8D63-B55B115C3D9A}.Release|Any CPU.Build.0 = Release|Any CPU
		{4CB4BD9D-8533-40A8-9B5F-DCFF5FEAEB68}.Debug|Any CPU.ActiveCfg = Debug|Any CPU
		{4CB4BD9D-8533-40A8-9B5F-DCFF5FEAEB68}.Debug|Any CPU.Build.0 = Debug|Any CPU
		{4CB4BD9D-8533-40A8-9B5F-DCFF5FEAEB68}.Release|Any CPU.ActiveCfg = Release|Any CPU
		{4CB4BD9D-8533-40A8-9B5F-DCFF5FEAEB68}.Release|Any CPU.Build.0 = Release|Any CPU
		{F3DF6439-59EB-4FF3-9FBE-10CD5AB9A8D0}.Debug|Any CPU.ActiveCfg = Debug|Any CPU
		{F3DF6439-59EB-4FF3-9FBE-10CD5AB9A8D0}.Debug|Any CPU.Build.0 = Debug|Any CPU
		{F3DF6439-59EB-4FF3-9FBE-10CD5AB9A8D0}.Release|Any CPU.ActiveCfg = Release|Any CPU
		{F3DF6439-59EB-4FF3-9FBE-10CD5AB9A8D0}.Release|Any CPU.Build.0 = Release|Any CPU
		{12B4B4A4-C8D3-434F-A347-F555EFECDFBA}.Debug|Any CPU.ActiveCfg = Debug|Any CPU
		{12B4B4A4-C8D3-434F-A347-F555EFECDFBA}.Debug|Any CPU.Build.0 = Debug|Any CPU
		{12B4B4A4-C8D3-434F-A347-F555EFECDFBA}.Release|Any CPU.ActiveCfg = Release|Any CPU
		{12B4B4A4-C8D3-434F-A347-F555EFECDFBA}.Release|Any CPU.Build.0 = Release|Any CPU
		{8B163396-35EA-4A84-8808-5DA2F1EC05FD}.Debug|Any CPU.ActiveCfg = Debug|Any CPU
		{8B163396-35EA-4A84-8808-5DA2F1EC05FD}.Debug|Any CPU.Build.0 = Debug|Any CPU
		{8B163396-35EA-4A84-8808-5DA2F1EC05FD}.Release|Any CPU.ActiveCfg = Release|Any CPU
		{8B163396-35EA-4A84-8808-5DA2F1EC05FD}.Release|Any CPU.Build.0 = Release|Any CPU
	EndGlobalSection
	GlobalSection(SolutionProperties) = preSolution
		HideSolutionNode = FALSE
	EndGlobalSection
	GlobalSection(ExtensibilityGlobals) = postSolution
		SolutionGuid = {DEDA5BEA-C1D5-4D6D-937B-4234D66B0204}
	EndGlobalSection
EndGlobal
